
Microsoft Visual Studio Solution File, Format Version 12.00
# Visual Studio 15
VisualStudioVersion = 15.0.28307.539
MinimumVisualStudioVersion = 10.0.40219.1
Project("{8BC9CEB8-8B4A-11D0-8D11-00A0C91BC942}") = "Brymen869", "Brymen869\Brymen869.vcxproj", "{799AFE30-5AF4-427B-8387-2A644AE069F1}"
EndProject
Global
	GlobalSection(SolutionConfigurationPlatforms) = preSolution
		Debug|x64 = Debug|x64
		Debug|x86 = Debug|x86
		Release|x64 = Release|x64
		Release|x86 = Release|x86
	EndGlobalSection
	GlobalSection(ProjectConfigurationPlatforms) = postSolution
		{799AFE30-5AF4-427B-8387-2A644AE069F1}.Debug|x64.ActiveCfg = Debug|x64
		{799AFE30-5AF4-427B-8387-2A644AE069F1}.Debug|x64.Build.0 = Debug|x64
		{799AFE30-5AF4-427B-8387-2A644AE069F1}.Debug|x86.ActiveCfg = Debug|Win32
		{799AFE30-5AF4-427B-8387-2A644AE069F1}.Debug|x86.Build.0 = Debug|Win32
		{799AFE30-5AF4-427B-8387-2A644AE069F1}.Release|x64.ActiveCfg = Release|x64
		{799AFE30-5AF4-427B-8387-2A644AE069F1}.Release|x64.Build.0 = Release|x64
		{799AFE30-5AF4-427B-8387-2A644AE069F1}.Release|x86.ActiveCfg = Release|Win32
		{799AFE30-5AF4-427B-8387-2A644AE069F1}.Release|x86.Build.0 = Release|Win32
	EndGlobalSection
	GlobalSection(SolutionProperties) = preSolution
		HideSolutionNode = FALSE
	EndGlobalSection
	GlobalSection(ExtensibilityGlobals) = postSolution
		SolutionGuid = {FF8F9D44-6BFB-473F-9F77-42DC63D620CD}
	EndGlobalSection
EndGlobal
